
Microsoft Visual Studio Solution File, Format Version 12.00
# Visual Studio 14
VisualStudioVersion = 14.0.25420.1
MinimumVisualStudioVersion = 10.0.40219.1
Project("{FAE04EC0-301F-11D3-BF4B-00C04F79EFBC}") = "Task1Console", "Task1Console\Task1Console.csproj", "{FB39C7F4-B157-4225-BC38-20282950FFC0}"
EndProject
Project("{FAE04EC0-301F-11D3-BF4B-00C04F79EFBC}") = "Task1WinForms", "Task1WinForms\Task1WinForms.csproj", "{F5068946-BD93-47F8-BA79-11A8E4F48F7F}"
EndProject
Project("{FAE04EC0-301F-11D3-BF4B-00C04F79EFBC}") = "Task1WPF", "Task1WPF\Task1WPF.csproj", "{B59C9D69-ED1B-41A8-B006-D8F57745F260}"
EndProject
Project("{FAE04EC0-301F-11D3-BF4B-00C04F79EFBC}") = "Task2Console", "Task2Console\Task2Console.csproj", "{C12BB286-104F-4BB1-8B91-20D0E47EA49B}"
EndProject
Project("{FAE04EC0-301F-11D3-BF4B-00C04F79EFBC}") = "Task2WinForms", "Task2WinForms\Task2WinForms.csproj", "{642D4E77-2321-4FB2-8905-CE82D35A09D5}"
EndProject
Project("{FAE04EC0-301F-11D3-BF4B-00C04F79EFBC}") = "Task2WPF", "Task2WPF\Task2WPF.csproj", "{88850FE9-47AF-433E-8F97-320047CF4545}"
EndProject
Project("{FAE04EC0-301F-11D3-BF4B-00C04F79EFBC}") = "Task3Console", "Task3Console\Task3Console.csproj", "{8A541542-090D-4BBB-85EC-4A349909CC47}"
EndProject
Project("{FAE04EC0-301F-11D3-BF4B-00C04F79EFBC}") = "Task3Forms", "Task3Forms\Task3Forms.csproj", "{F0000EED-9F99-4369-BC19-5171CE2C0C11}"
EndProject
Project("{FAE04EC0-301F-11D3-BF4B-00C04F79EFBC}") = "Task3WPF", "Task3WPF\Task3WPF.csproj", "{1859A92E-EF45-410A-8AC4-AF6C997614CA}"
EndProject
Project("{FAE04EC0-301F-11D3-BF4B-00C04F79EFBC}") = "Task4Console", "Task4Console\Task4Console.csproj", "{49674188-9A80-4688-91A0-C0D8071CF564}"
EndProject
Project("{FAE04EC0-301F-11D3-BF4B-00C04F79EFBC}") = "Task4WinForms", "Task4WinForms\Task4WinForms.csproj", "{B6B0E452-FF07-409C-9EAC-78647119CB30}"
EndProject
Project("{FAE04EC0-301F-11D3-BF4B-00C04F79EFBC}") = "Task4WPF", "Task4WPF\Task4WPF.csproj", "{BEC7781A-DF6A-43BC-BCDE-2F87E3395AE0}"
EndProject
Project("{FAE04EC0-301F-11D3-BF4B-00C04F79EFBC}") = "Task5Console", "Task5Console\Task5Console.csproj", "{5DA0F13C-DCB5-4364-8769-D35348FE27DB}"
EndProject
Project("{FAE04EC0-301F-11D3-BF4B-00C04F79EFBC}") = "Task5WinForms", "Task5WinForms\Task5WinForms.csproj", "{24D5603F-FA9E-40F4-B6BC-E9D8CEA29AA4}"
EndProject
Project("{FAE04EC0-301F-11D3-BF4B-00C04F79EFBC}") = "Task5WPF", "Task5WPF\Task5WPF.csproj", "{608E9D5C-1F81-47E8-947F-2D76BB1C18D7}"
EndProject
Project("{FAE04EC0-301F-11D3-BF4B-00C04F79EFBC}") = "QuadEquationConsole", "QuadEquationConsole\QuadEquationConsole.csproj", "{09FE247B-91C1-49D0-8377-97A85F5943B7}"
EndProject
Project("{FAE04EC0-301F-11D3-BF4B-00C04F79EFBC}") = "QuadEquationWinForm", "QuadEquationWinForm\QuadEquationWinForm.csproj", "{63885AEE-7D96-4083-8E5F-921691C65DC2}"
EndProject
Project("{FAE04EC0-301F-11D3-BF4B-00C04F79EFBC}") = "QuadEquationWPF", "QuadEquationWPF\QuadEquationWPF.csproj", "{ED2C9990-BFD4-4249-8E12-E1A3FE7D8719}"
EndProject
Project("{FAE04EC0-301F-11D3-BF4B-00C04F79EFBC}") = "ForConsole1", "ForConsole1\ForConsole1.csproj", "{4A1634E6-533D-4391-A45E-15528DF3A899}"
EndProject
Project("{FAE04EC0-301F-11D3-BF4B-00C04F79EFBC}") = "ForConsole2", "ForConsole2\ForConsole2.csproj", "{5982BBB4-C2A4-4FA9-A9F9-684D75AC3945}"
EndProject
Project("{FAE04EC0-301F-11D3-BF4B-00C04F79EFBC}") = "ForConsole3", "ForConsole3\ForConsole3.csproj", "{879DE275-F7AF-4A1B-AFA6-160109085CED}"
EndProject
Project("{FAE04EC0-301F-11D3-BF4B-00C04F79EFBC}") = "ForConsole4", "ForConsole4\ForConsole4.csproj", "{207415AC-BC60-49FF-BDE8-D40EB92AD3A2}"
EndProject
Project("{FAE04EC0-301F-11D3-BF4B-00C04F79EFBC}") = "ForConsole5", "ForConsole5\ForConsole5.csproj", "{26F8E5C8-04FE-4356-A112-68D55F18784E}"
EndProject
Global
	GlobalSection(SolutionConfigurationPlatforms) = preSolution
		Debug|Any CPU = Debug|Any CPU
		Release|Any CPU = Release|Any CPU
	EndGlobalSection
	GlobalSection(ProjectConfigurationPlatforms) = postSolution
		{FB39C7F4-B157-4225-BC38-20282950FFC0}.Debug|Any CPU.ActiveCfg = Debug|Any CPU
		{FB39C7F4-B157-4225-BC38-20282950FFC0}.Debug|Any CPU.Build.0 = Debug|Any CPU
		{FB39C7F4-B157-4225-BC38-20282950FFC0}.Release|Any CPU.ActiveCfg = Release|Any CPU
		{FB39C7F4-B157-4225-BC38-20282950FFC0}.Release|Any CPU.Build.0 = Release|Any CPU
		{F5068946-BD93-47F8-BA79-11A8E4F48F7F}.Debug|Any CPU.ActiveCfg = Debug|Any CPU
		{F5068946-BD93-47F8-BA79-11A8E4F48F7F}.Debug|Any CPU.Build.0 = Debug|Any CPU
		{F5068946-BD93-47F8-BA79-11A8E4F48F7F}.Release|Any CPU.ActiveCfg = Release|Any CPU
		{F5068946-BD93-47F8-BA79-11A8E4F48F7F}.Release|Any CPU.Build.0 = Release|Any CPU
		{B59C9D69-ED1B-41A8-B006-D8F57745F260}.Debug|Any CPU.ActiveCfg = Debug|Any CPU
		{B59C9D69-ED1B-41A8-B006-D8F57745F260}.Debug|Any CPU.Build.0 = Debug|Any CPU
		{B59C9D69-ED1B-41A8-B006-D8F57745F260}.Release|Any CPU.ActiveCfg = Release|Any CPU
		{B59C9D69-ED1B-41A8-B006-D8F57745F260}.Release|Any CPU.Build.0 = Release|Any CPU
		{C12BB286-104F-4BB1-8B91-20D0E47EA49B}.Debug|Any CPU.ActiveCfg = Debug|Any CPU
		{C12BB286-104F-4BB1-8B91-20D0E47EA49B}.Debug|Any CPU.Build.0 = Debug|Any CPU
		{C12BB286-104F-4BB1-8B91-20D0E47EA49B}.Release|Any CPU.ActiveCfg = Release|Any CPU
		{C12BB286-104F-4BB1-8B91-20D0E47EA49B}.Release|Any CPU.Build.0 = Release|Any CPU
		{642D4E77-2321-4FB2-8905-CE82D35A09D5}.Debug|Any CPU.ActiveCfg = Debug|Any CPU
		{642D4E77-2321-4FB2-8905-CE82D35A09D5}.Debug|Any CPU.Build.0 = Debug|Any CPU
		{642D4E77-2321-4FB2-8905-CE82D35A09D5}.Release|Any CPU.ActiveCfg = Release|Any CPU
		{642D4E77-2321-4FB2-8905-CE82D35A09D5}.Release|Any CPU.Build.0 = Release|Any CPU
		{88850FE9-47AF-433E-8F97-320047CF4545}.Debug|Any CPU.ActiveCfg = Debug|Any CPU
		{88850FE9-47AF-433E-8F97-320047CF4545}.Debug|Any CPU.Build.0 = Debug|Any CPU
		{88850FE9-47AF-433E-8F97-320047CF4545}.Release|Any CPU.ActiveCfg = Release|Any CPU
		{88850FE9-47AF-433E-8F97-320047CF4545}.Release|Any CPU.Build.0 = Release|Any CPU
		{8A541542-090D-4BBB-85EC-4A349909CC47}.Debug|Any CPU.ActiveCfg = Debug|Any CPU
		{8A541542-090D-4BBB-85EC-4A349909CC47}.Debug|Any CPU.Build.0 = Debug|Any CPU
		{8A541542-090D-4BBB-85EC-4A349909CC47}.Release|Any CPU.ActiveCfg = Release|Any CPU
		{8A541542-090D-4BBB-85EC-4A349909CC47}.Release|Any CPU.Build.0 = Release|Any CPU
		{F0000EED-9F99-4369-BC19-5171CE2C0C11}.Debug|Any CPU.ActiveCfg = Debug|Any CPU
		{F0000EED-9F99-4369-BC19-5171CE2C0C11}.Debug|Any CPU.Build.0 = Debug|Any CPU
		{F0000EED-9F99-4369-BC19-5171CE2C0C11}.Release|Any CPU.ActiveCfg = Release|Any CPU
		{F0000EED-9F99-4369-BC19-5171CE2C0C11}.Release|Any CPU.Build.0 = Release|Any CPU
		{1859A92E-EF45-410A-8AC4-AF6C997614CA}.Debug|Any CPU.ActiveCfg = Debug|Any CPU
		{1859A92E-EF45-410A-8AC4-AF6C997614CA}.Debug|Any CPU.Build.0 = Debug|Any CPU
		{1859A92E-EF45-410A-8AC4-AF6C997614CA}.Release|Any CPU.ActiveCfg = Release|Any CPU
		{1859A92E-EF45-410A-8AC4-AF6C997614CA}.Release|Any CPU.Build.0 = Release|Any CPU
		{49674188-9A80-4688-91A0-C0D8071CF564}.Debug|Any CPU.ActiveCfg = Debug|Any CPU
		{49674188-9A80-4688-91A0-C0D8071CF564}.Debug|Any CPU.Build.0 = Debug|Any CPU
		{49674188-9A80-4688-91A0-C0D8071CF564}.Release|Any CPU.ActiveCfg = Release|Any CPU
		{49674188-9A80-4688-91A0-C0D8071CF564}.Release|Any CPU.Build.0 = Release|Any CPU
		{B6B0E452-FF07-409C-9EAC-78647119CB30}.Debug|Any CPU.ActiveCfg = Debug|Any CPU
		{B6B0E452-FF07-409C-9EAC-78647119CB30}.Debug|Any CPU.Build.0 = Debug|Any CPU
		{B6B0E452-FF07-409C-9EAC-78647119CB30}.Release|Any CPU.ActiveCfg = Release|Any CPU
		{B6B0E452-FF07-409C-9EAC-78647119CB30}.Release|Any CPU.Build.0 = Release|Any CPU
		{BEC7781A-DF6A-43BC-BCDE-2F87E3395AE0}.Debug|Any CPU.ActiveCfg = Debug|Any CPU
		{BEC7781A-DF6A-43BC-BCDE-2F87E3395AE0}.Debug|Any CPU.Build.0 = Debug|Any CPU
		{BEC7781A-DF6A-43BC-BCDE-2F87E3395AE0}.Release|Any CPU.ActiveCfg = Release|Any CPU
		{BEC7781A-DF6A-43BC-BCDE-2F87E3395AE0}.Release|Any CPU.Build.0 = Release|Any CPU
		{5DA0F13C-DCB5-4364-8769-D35348FE27DB}.Debug|Any CPU.ActiveCfg = Debug|Any CPU
		{5DA0F13C-DCB5-4364-8769-D35348FE27DB}.Debug|Any CPU.Build.0 = Debug|Any CPU
		{5DA0F13C-DCB5-4364-8769-D35348FE27DB}.Release|Any CPU.ActiveCfg = Release|Any CPU
		{5DA0F13C-DCB5-4364-8769-D35348FE27DB}.Release|Any CPU.Build.0 = Release|Any CPU
		{24D5603F-FA9E-40F4-B6BC-E9D8CEA29AA4}.Debug|Any CPU.ActiveCfg = Debug|Any CPU
		{24D5603F-FA9E-40F4-B6BC-E9D8CEA29AA4}.Debug|Any CPU.Build.0 = Debug|Any CPU
		{24D5603F-FA9E-40F4-B6BC-E9D8CEA29AA4}.Release|Any CPU.ActiveCfg = Release|Any CPU
		{24D5603F-FA9E-40F4-B6BC-E9D8CEA29AA4}.Release|Any CPU.Build.0 = Release|Any CPU
		{608E9D5C-1F81-47E8-947F-2D76BB1C18D7}.Debug|Any CPU.ActiveCfg = Debug|Any CPU
		{608E9D5C-1F81-47E8-947F-2D76BB1C18D7}.Debug|Any CPU.Build.0 = Debug|Any CPU
		{608E9D5C-1F81-47E8-947F-2D76BB1C18D7}.Release|Any CPU.ActiveCfg = Release|Any CPU
		{608E9D5C-1F81-47E8-947F-2D76BB1C18D7}.Release|Any CPU.Build.0 = Release|Any CPU
		{09FE247B-91C1-49D0-8377-97A85F5943B7}.Debug|Any CPU.ActiveCfg = Debug|Any CPU
		{09FE247B-91C1-49D0-8377-97A85F5943B7}.Debug|Any CPU.Build.0 = Debug|Any CPU
		{09FE247B-91C1-49D0-8377-97A85F5943B7}.Release|Any CPU.ActiveCfg = Release|Any CPU
		{09FE247B-91C1-49D0-8377-97A85F5943B7}.Release|Any CPU.Build.0 = Release|Any CPU
		{63885AEE-7D96-4083-8E5F-921691C65DC2}.Debug|Any CPU.ActiveCfg = Debug|Any CPU
		{63885AEE-7D96-4083-8E5F-921691C65DC2}.Debug|Any CPU.Build.0 = Debug|Any CPU
		{63885AEE-7D96-4083-8E5F-921691C65DC2}.Release|Any CPU.ActiveCfg = Release|Any CPU
		{63885AEE-7D96-4083-8E5F-921691C65DC2}.Release|Any CPU.Build.0 = Release|Any CPU
		{ED2C9990-BFD4-4249-8E12-E1A3FE7D8719}.Debug|Any CPU.ActiveCfg = Debug|Any CPU
		{ED2C9990-BFD4-4249-8E12-E1A3FE7D8719}.Debug|Any CPU.Build.0 = Debug|Any CPU
		{ED2C9990-BFD4-4249-8E12-E1A3FE7D8719}.Release|Any CPU.ActiveCfg = Release|Any CPU
		{ED2C9990-BFD4-4249-8E12-E1A3FE7D8719}.Release|Any CPU.Build.0 = Release|Any CPU
		{4A1634E6-533D-4391-A45E-15528DF3A899}.Debug|Any CPU.ActiveCfg = Debug|Any CPU
		{4A1634E6-533D-4391-A45E-15528DF3A899}.Debug|Any CPU.Build.0 = Debug|Any CPU
		{4A1634E6-533D-4391-A45E-15528DF3A899}.Release|Any CPU.ActiveCfg = Release|Any CPU
		{4A1634E6-533D-4391-A45E-15528DF3A899}.Release|Any CPU.Build.0 = Release|Any CPU
		{5982BBB4-C2A4-4FA9-A9F9-684D75AC3945}.Debug|Any CPU.ActiveCfg = Debug|Any CPU
		{5982BBB4-C2A4-4FA9-A9F9-684D75AC3945}.Debug|Any CPU.Build.0 = Debug|Any CPU
		{5982BBB4-C2A4-4FA9-A9F9-684D75AC3945}.Release|Any CPU.ActiveCfg = Release|Any CPU
		{5982BBB4-C2A4-4FA9-A9F9-684D75AC3945}.Release|Any CPU.Build.0 = Release|Any CPU
		{879DE275-F7AF-4A1B-AFA6-160109085CED}.Debug|Any CPU.ActiveCfg = Debug|Any CPU
		{879DE275-F7AF-4A1B-AFA6-160109085CED}.Debug|Any CPU.Build.0 = Debug|Any CPU
		{879DE275-F7AF-4A1B-AFA6-160109085CED}.Release|Any CPU.ActiveCfg = Release|Any CPU
		{879DE275-F7AF-4A1B-AFA6-160109085CED}.Release|Any CPU.Build.0 = Release|Any CPU
		{207415AC-BC60-49FF-BDE8-D40EB92AD3A2}.Debug|Any CPU.ActiveCfg = Debug|Any CPU
		{207415AC-BC60-49FF-BDE8-D40EB92AD3A2}.Debug|Any CPU.Build.0 = Debug|Any CPU
		{207415AC-BC60-49FF-BDE8-D40EB92AD3A2}.Release|Any CPU.ActiveCfg = Release|Any CPU
		{207415AC-BC60-49FF-BDE8-D40EB92AD3A2}.Release|Any CPU.Build.0 = Release|Any CPU
		{26F8E5C8-04FE-4356-A112-68D55F18784E}.Debug|Any CPU.ActiveCfg = Debug|Any CPU
		{26F8E5C8-04FE-4356-A112-68D55F18784E}.Debug|Any CPU.Build.0 = Debug|Any CPU
		{26F8E5C8-04FE-4356-A112-68D55F18784E}.Release|Any CPU.ActiveCfg = Release|Any CPU
		{26F8E5C8-04FE-4356-A112-68D55F18784E}.Release|Any CPU.Build.0 = Release|Any CPU
	EndGlobalSection
	GlobalSection(SolutionProperties) = preSolution
		HideSolutionNode = FALSE
	EndGlobalSection
EndGlobal
